
Microsoft Visual Studio Solution File, Format Version 12.00
# Visual Studio 15
VisualStudioVersion = 15.0.26730.16
MinimumVisualStudioVersion = 10.0.40219.1
Project("{FAE04EC0-301F-11D3-BF4B-00C04F79EFBC}") = "MapGenerator", "MapGenerator\MapGenerator.csproj", "{A414748A-2B0E-4781-8CB1-6CE1E36CE4CF}"
EndProject
Global
	GlobalSection(SolutionConfigurationPlatforms) = preSolution
		Debug|Any CPU = Debug|Any CPU
		Release|Any CPU = Release|Any CPU
	EndGlobalSection
	GlobalSection(ProjectConfigurationPlatforms) = postSolution
		{A414748A-2B0E-4781-8CB1-6CE1E36CE4CF}.Debug|Any CPU.ActiveCfg = Debug|Any CPU
		{A414748A-2B0E-4781-8CB1-6CE1E36CE4CF}.Debug|Any CPU.Build.0 = Debug|Any CPU
		{A414748A-2B0E-4781-8CB1-6CE1E36CE4CF}.Release|Any CPU.ActiveCfg = Release|Any CPU
		{A414748A-2B0E-4781-8CB1-6CE1E36CE4CF}.Release|Any CPU.Build.0 = Release|Any CPU
	EndGlobalSection
	GlobalSection(SolutionProperties) = preSolution
		HideSolutionNode = FALSE
	EndGlobalSection
	GlobalSection(ExtensibilityGlobals) = postSolution
		SolutionGuid = {45031704-0ACC-4A06-B96F-B76809A7CD90}
	EndGlobalSection
EndGlobal
